
Microsoft Visual Studio Solution File, Format Version 12.00
# Visual Studio 15
VisualStudioVersion = 15.0.28010.2046
MinimumVisualStudioVersion = 10.0.40219.1
Project("{FAE04EC0-301F-11D3-BF4B-00C04F79EFBC}") = "AvaliacaoDev-GGP", "AvaliacaoDev-GGP\AvaliacaoDev-GGP.csproj", "{7E59EB2C-4285-4191-95AF-E770F0700BAE}"
EndProject
Global
	GlobalSection(SolutionConfigurationPlatforms) = preSolution
		Debug|Any CPU = Debug|Any CPU
		Release|Any CPU = Release|Any CPU
	EndGlobalSection
	GlobalSection(ProjectConfigurationPlatforms) = postSolution
		{7E59EB2C-4285-4191-95AF-E770F0700BAE}.Debug|Any CPU.ActiveCfg = Debug|Any CPU
		{7E59EB2C-4285-4191-95AF-E770F0700BAE}.Debug|Any CPU.Build.0 = Debug|Any CPU
		{7E59EB2C-4285-4191-95AF-E770F0700BAE}.Release|Any CPU.ActiveCfg = Release|Any CPU
		{7E59EB2C-4285-4191-95AF-E770F0700BAE}.Release|Any CPU.Build.0 = Release|Any CPU
	EndGlobalSection
	GlobalSection(SolutionProperties) = preSolution
		HideSolutionNode = FALSE
	EndGlobalSection
	GlobalSection(ExtensibilityGlobals) = postSolution
		SolutionGuid = {42CD6B94-DE5B-462A-B825-B47C671FADB2}
	EndGlobalSection
EndGlobal
